
Microsoft Visual Studio Solution File, Format Version 12.00
# Visual Studio Version 16
VisualStudioVersion = 16.0.31321.278
MinimumVisualStudioVersion = 10.0.40219.1
Project("{FAE04EC0-301F-11D3-BF4B-00C04F79EFBC}") = "TestProject1", "TestProject1\TestProject1.csproj", "{51989769-9E0C-4BD9-A628-B3499DABEBDD}"
EndProject
Project("{FAE04EC0-301F-11D3-BF4B-00C04F79EFBC}") = "LogManagerApplication", "WebApplication1\LogManagerApplication.csproj", "{515ADDF1-2081-4BCD-BC4D-96426088E259}"
EndProject
Project("{9A19103F-16F7-4668-BE54-9A1E7A4F7556}") = "LogManager", "LogManager\LogManager.csproj", "{FA9600EA-F634-4550-9484-C5FE23A4576D}"
EndProject
Global
	GlobalSection(SolutionConfigurationPlatforms) = preSolution
		Debug|Any CPU = Debug|Any CPU
		Release|Any CPU = Release|Any CPU
	EndGlobalSection
	GlobalSection(ProjectConfigurationPlatforms) = postSolution
		{51989769-9E0C-4BD9-A628-B3499DABEBDD}.Debug|Any CPU.ActiveCfg = Debug|Any CPU
		{51989769-9E0C-4BD9-A628-B3499DABEBDD}.Debug|Any CPU.Build.0 = Debug|Any CPU
		{51989769-9E0C-4BD9-A628-B3499DABEBDD}.Release|Any CPU.ActiveCfg = Release|Any CPU
		{51989769-9E0C-4BD9-A628-B3499DABEBDD}.Release|Any CPU.Build.0 = Release|Any CPU
		{515ADDF1-2081-4BCD-BC4D-96426088E259}.Debug|Any CPU.ActiveCfg = Debug|Any CPU
		{515ADDF1-2081-4BCD-BC4D-96426088E259}.Debug|Any CPU.Build.0 = Debug|Any CPU
		{515ADDF1-2081-4BCD-BC4D-96426088E259}.Release|Any CPU.ActiveCfg = Release|Any CPU
		{515ADDF1-2081-4BCD-BC4D-96426088E259}.Release|Any CPU.Build.0 = Release|Any CPU
		{FA9600EA-F634-4550-9484-C5FE23A4576D}.Debug|Any CPU.ActiveCfg = Debug|Any CPU
		{FA9600EA-F634-4550-9484-C5FE23A4576D}.Debug|Any CPU.Build.0 = Debug|Any CPU
		{FA9600EA-F634-4550-9484-C5FE23A4576D}.Release|Any CPU.ActiveCfg = Release|Any CPU
		{FA9600EA-F634-4550-9484-C5FE23A4576D}.Release|Any CPU.Build.0 = Release|Any CPU
	EndGlobalSection
	GlobalSection(SolutionProperties) = preSolution
		HideSolutionNode = FALSE
	EndGlobalSection
	GlobalSection(ExtensibilityGlobals) = postSolution
		SolutionGuid = {B14136F4-DEB3-4B01-A543-D556FDB57094}
	EndGlobalSection
EndGlobal
